
Microsoft Visual Studio Solution File, Format Version 12.00
# Visual Studio 15
VisualStudioVersion = 15.0.28010.2050
MinimumVisualStudioVersion = 10.0.40219.1
Project("{FAE04EC0-301F-11D3-BF4B-00C04F79EFBC}") = "HybridSample", "HybridSample\HybridSample.csproj", "{7F72145C-F006-46F3-A898-B3424DC5DB12}"
EndProject
Project("{FAE04EC0-301F-11D3-BF4B-00C04F79EFBC}") = "HybridServer", "..\..\HybridServer\HybridServer\HybridServer.csproj", "{51F00B0D-7902-4827-9695-0A19B8166217}"
EndProject
Global
	GlobalSection(SolutionConfigurationPlatforms) = preSolution
		Debug|Any CPU = Debug|Any CPU
		Release|Any CPU = Release|Any CPU
	EndGlobalSection
	GlobalSection(ProjectConfigurationPlatforms) = postSolution
		{7F72145C-F006-46F3-A898-B3424DC5DB12}.Debug|Any CPU.ActiveCfg = Debug|Any CPU
		{7F72145C-F006-46F3-A898-B3424DC5DB12}.Debug|Any CPU.Build.0 = Debug|Any CPU
		{7F72145C-F006-46F3-A898-B3424DC5DB12}.Release|Any CPU.ActiveCfg = Release|Any CPU
		{7F72145C-F006-46F3-A898-B3424DC5DB12}.Release|Any CPU.Build.0 = Release|Any CPU
		{51F00B0D-7902-4827-9695-0A19B8166217}.Debug|Any CPU.ActiveCfg = Debug|Any CPU
		{51F00B0D-7902-4827-9695-0A19B8166217}.Debug|Any CPU.Build.0 = Debug|Any CPU
		{51F00B0D-7902-4827-9695-0A19B8166217}.Release|Any CPU.ActiveCfg = Release|Any CPU
		{51F00B0D-7902-4827-9695-0A19B8166217}.Release|Any CPU.Build.0 = Release|Any CPU
	EndGlobalSection
	GlobalSection(SolutionProperties) = preSolution
		HideSolutionNode = FALSE
	EndGlobalSection
	GlobalSection(ExtensibilityGlobals) = postSolution
		SolutionGuid = {D36307C4-83BF-48CA-A44B-85C0DBE2D4A2}
	EndGlobalSection
EndGlobal
