
Microsoft Visual Studio Solution File, Format Version 12.00
# Visual Studio 15
VisualStudioVersion = 15.0.28010.2050
MinimumVisualStudioVersion = 10.0.40219.1
Project("{FAE04EC0-301F-11D3-BF4B-00C04F79EFBC}") = "ProductsFunctionApp", "ProductsFunctionApp\ProductsFunctionApp.csproj", "{F6AAD07B-063D-4F19-BCB1-3BADAA9E044C}"
EndProject
Global
	GlobalSection(SolutionConfigurationPlatforms) = preSolution
		Debug|Any CPU = Debug|Any CPU
		Release|Any CPU = Release|Any CPU
	EndGlobalSection
	GlobalSection(ProjectConfigurationPlatforms) = postSolution
		{F6AAD07B-063D-4F19-BCB1-3BADAA9E044C}.Debug|Any CPU.ActiveCfg = Debug|Any CPU
		{F6AAD07B-063D-4F19-BCB1-3BADAA9E044C}.Debug|Any CPU.Build.0 = Debug|Any CPU
		{F6AAD07B-063D-4F19-BCB1-3BADAA9E044C}.Release|Any CPU.ActiveCfg = Release|Any CPU
		{F6AAD07B-063D-4F19-BCB1-3BADAA9E044C}.Release|Any CPU.Build.0 = Release|Any CPU
	EndGlobalSection
	GlobalSection(SolutionProperties) = preSolution
		HideSolutionNode = FALSE
	EndGlobalSection
	GlobalSection(ExtensibilityGlobals) = postSolution
		SolutionGuid = {538CA5F5-26D7-42C3-ABC9-0367F193164D}
	EndGlobalSection
EndGlobal
